
Microsoft Visual Studio Solution File, Format Version 9.00
# Visual Studio 2005
Project("{8BC9CEB8-8B4A-11D0-8D11-00A0C91BC942}") = "lemon_wrapper-vs2005", "lemon_wrapper-vs2005.vcproj", "{473227C5-16FB-452D-B9AB-4AD9CB49ED24}"
EndProject
Global
	GlobalSection(SolutionConfigurationPlatforms) = preSolution
		Debug|Win32 = Debug|Win32
		Release|Win32 = Release|Win32
	EndGlobalSection
	GlobalSection(ProjectConfigurationPlatforms) = postSolution
		{473227C5-16FB-452D-B9AB-4AD9CB49ED24}.Debug|Win32.ActiveCfg = Debug|Win32
		{473227C5-16FB-452D-B9AB-4AD9CB49ED24}.Debug|Win32.Build.0 = Debug|Win32
		{473227C5-16FB-452D-B9AB-4AD9CB49ED24}.Release|Win32.ActiveCfg = Release|Win32
		{473227C5-16FB-452D-B9AB-4AD9CB49ED24}.Release|Win32.Build.0 = Release|Win32
	EndGlobalSection
	GlobalSection(SolutionProperties) = preSolution
		HideSolutionNode = FALSE
	EndGlobalSection
EndGlobal
